{
  "name": "lib-examples",
  "version": "0.1.0",
  "lockfileVersion": 1,
  "dependencies": {
    "asyncawait": {
      "version": "https://registry.npmjs.org/asyncawait/-/asyncawait-1.0.6.tgz",
      "integrity": "sha1-5EbPVOUWpBbXQju+Nb8LTitzi2c="
    },
    "bluebird": {
      "version": "https://registry.npmjs.org/bluebird/-/bluebird-3.5.0.tgz",
      "integrity": "sha1-eRQg1/VR7qKJdFOop3ZT+WYG1nw="
    },
    "fibers": {
      "version": "https://registry.npmjs.org/fibers/-/fibers-1.0.15.tgz",
      "integrity": "sha1-IvA5yPGLhWGQ+75N7PBWFUwerpw="
    },
    "lodash": {
      "version": "https://registry.npmjs.org/lodash/-/lodash-3.10.1.tgz",
      "integrity": "sha1-W/Rejkm6QYnhfUgnid/RW9FAt7Y="
    }
  }
}
